
Microsoft Visual Studio Solution File, Format Version 12.00
# Visual Studio 15
Project("{FAE04EC0-301F-11D3-BF4B-00C04F79EFBC}") = "UnityEngine.UI", "UnityEngine.UI.csproj", "{EBCB3378-5DE3-F36D-CA40-5969DF20243C}"
EndProject
Project("{FAE04EC0-301F-11D3-BF4B-00C04F79EFBC}") = "UnityEngine.TestRunner", "UnityEngine.TestRunner.csproj", "{D9DC9079-1B7C-92BA-6E37-EB3DA23BBD61}"
EndProject
Project("{FAE04EC0-301F-11D3-BF4B-00C04F79EFBC}") = "Unity.Mathematics", "Unity.Mathematics.csproj", "{43980E77-72CC-F601-BA0A-1F6B0BDB36C4}"
EndProject
Project("{FAE04EC0-301F-11D3-BF4B-00C04F79EFBC}") = "Unity.2D.Animation.Triangle.Runtime", "Unity.2D.Animation.Triangle.Runtime.csproj", "{E14DFDCB-8FAE-D2D6-8598-E14DA2B1DA23}"
EndProject
Project("{FAE04EC0-301F-11D3-BF4B-00C04F79EFBC}") = "Unity.Timeline", "Unity.Timeline.csproj", "{147183DB-29AA-21E1-A982-AE99B06E71C8}"
EndProject
Project("{FAE04EC0-301F-11D3-BF4B-00C04F79EFBC}") = "Unity.TextMeshPro", "Unity.TextMeshPro.csproj", "{F3039871-28D6-09E6-F12A-C0BF7CC6CD38}"
EndProject
Project("{FAE04EC0-301F-11D3-BF4B-00C04F79EFBC}") = "Unity.2D.Animation.Runtime", "Unity.2D.Animation.Runtime.csproj", "{39834D4F-56A3-9E40-F87F-D943B0494E57}"
EndProject
Project("{FAE04EC0-301F-11D3-BF4B-00C04F79EFBC}") = "Unity.2D.IK.Runtime", "Unity.2D.IK.Runtime.csproj", "{C746617D-16D9-704E-AD76-122190217E31}"
EndProject
Project("{FAE04EC0-301F-11D3-BF4B-00C04F79EFBC}") = "Assembly-CSharp", "Assembly-CSharp.csproj", "{7C40D79C-E3D4-AAA5-3453-847160715534}"
EndProject
Project("{FAE04EC0-301F-11D3-BF4B-00C04F79EFBC}") = "Unity.2D.SpriteShape.Runtime", "Unity.2D.SpriteShape.Runtime.csproj", "{FE0B0B5E-59F2-5B7B-45EA-8A046987C0C0}"
EndProject
Project("{FAE04EC0-301F-11D3-BF4B-00C04F79EFBC}") = "Unity.2D.PixelPerfect", "Unity.2D.PixelPerfect.csproj", "{98311668-6FE5-56A3-A55B-2C312DD37F61}"
EndProject
Project("{FAE04EC0-301F-11D3-BF4B-00C04F79EFBC}") = "Unity.2D.Common.Runtime", "Unity.2D.Common.Runtime.csproj", "{D508D8DD-A474-6B4D-A7F9-3030DB7DB60F}"
EndProject
Project("{FAE04EC0-301F-11D3-BF4B-00C04F79EFBC}") = "Unity.InternalAPIEngineBridge.001", "Unity.InternalAPIEngineBridge.001.csproj", "{1C633201-8F9D-BE24-A861-7B8C494085C0}"
EndProject
Project("{FAE04EC0-301F-11D3-BF4B-00C04F79EFBC}") = "UnityEditor.TestRunner", "UnityEditor.TestRunner.csproj", "{36817B69-197D-5200-2CE9-89EBCB5B4A2A}"
EndProject
Project("{FAE04EC0-301F-11D3-BF4B-00C04F79EFBC}") = "Unity.PlasticSCM.Editor", "Unity.PlasticSCM.Editor.csproj", "{8A40C42B-83D3-89C3-D143-D3490CD95E4C}"
EndProject
Project("{FAE04EC0-301F-11D3-BF4B-00C04F79EFBC}") = "UnityEditor.UI", "UnityEditor.UI.csproj", "{EA1A5649-BAF8-F335-8359-388615A344CA}"
EndProject
Project("{FAE04EC0-301F-11D3-BF4B-00C04F79EFBC}") = "Unity.Services.Core.Editor", "Unity.Services.Core.Editor.csproj", "{26704FD1-875A-77AD-FE03-3B1CABB0C199}"
EndProject
Project("{FAE04EC0-301F-11D3-BF4B-00C04F79EFBC}") = "Unity.Timeline.Editor", "Unity.Timeline.Editor.csproj", "{41A35423-70FD-3846-3EB5-FE3DD8500ECD}"
EndProject
Project("{FAE04EC0-301F-11D3-BF4B-00C04F79EFBC}") = "Unity.VisualStudio.Editor", "Unity.VisualStudio.Editor.csproj", "{AB3032EE-BC3A-BC6C-3C38-C9251B0D5FF1}"
EndProject
Project("{FAE04EC0-301F-11D3-BF4B-00C04F79EFBC}") = "Unity.2D.Psdimporter.Editor", "Unity.2D.Psdimporter.Editor.csproj", "{60CDEBAD-4527-F47A-BAEA-BE046C4DBD11}"
EndProject
Project("{FAE04EC0-301F-11D3-BF4B-00C04F79EFBC}") = "Unity.2D.Animation.Editor", "Unity.2D.Animation.Editor.csproj", "{D9BF0347-5CD0-6E62-6BF4-F66EC477F73F}"
EndProject
Project("{FAE04EC0-301F-11D3-BF4B-00C04F79EFBC}") = "Unity.TextMeshPro.Editor", "Unity.TextMeshPro.Editor.csproj", "{16F5EAF3-149D-3E12-3E1B-E7021EE75670}"
EndProject
Project("{FAE04EC0-301F-11D3-BF4B-00C04F79EFBC}") = "Unity.2D.SpriteShape.Editor", "Unity.2D.SpriteShape.Editor.csproj", "{5510A016-59DE-E6DB-DF1D-B65E4B8CCD26}"
EndProject
Project("{FAE04EC0-301F-11D3-BF4B-00C04F79EFBC}") = "Unity.CollabProxy.Editor", "Unity.CollabProxy.Editor.csproj", "{E7547D56-315C-B470-4FFA-24DFF78EC9C6}"
EndProject
Project("{FAE04EC0-301F-11D3-BF4B-00C04F79EFBC}") = "PsdPlugin", "PsdPlugin.csproj", "{9033F396-9D94-67B0-3552-3583A95057D2}"
EndProject
Project("{FAE04EC0-301F-11D3-BF4B-00C04F79EFBC}") = "Unity.2D.Path.Editor", "Unity.2D.Path.Editor.csproj", "{FD2EC3F0-FE5F-2E80-2F48-F9F3C70667E2}"
EndProject
Project("{FAE04EC0-301F-11D3-BF4B-00C04F79EFBC}") = "Unity.Rider.Editor", "Unity.Rider.Editor.csproj", "{90DFB320-DE36-D2A3-4102-DAEFF260CAD7}"
EndProject
Project("{FAE04EC0-301F-11D3-BF4B-00C04F79EFBC}") = "Unity.2D.IK.Editor", "Unity.2D.IK.Editor.csproj", "{CEB2C5D5-9711-6D87-CE67-E861F3F9E07E}"
EndProject
Project("{FAE04EC0-301F-11D3-BF4B-00C04F79EFBC}") = "Unity.2D.Sprite.Editor", "Unity.2D.Sprite.Editor.csproj", "{246EB0E4-68F1-CD22-4CA2-072339BEAE21}"
EndProject
Project("{FAE04EC0-301F-11D3-BF4B-00C04F79EFBC}") = "Unity.2D.Tilemap.Editor", "Unity.2D.Tilemap.Editor.csproj", "{783E5BF8-D9B5-E253-CDA1-1D3F9BBC8AFB}"
EndProject
Project("{FAE04EC0-301F-11D3-BF4B-00C04F79EFBC}") = "Unity.2D.PixelPerfect.Editor", "Unity.2D.PixelPerfect.Editor.csproj", "{52FE5652-CC14-822B-151D-2C935D7736C0}"
EndProject
Project("{FAE04EC0-301F-11D3-BF4B-00C04F79EFBC}") = "Unity.VSCode.Editor", "Unity.VSCode.Editor.csproj", "{18C776B8-547A-6C53-936B-103104649503}"
EndProject
Project("{FAE04EC0-301F-11D3-BF4B-00C04F79EFBC}") = "Unity.2D.Common.Editor", "Unity.2D.Common.Editor.csproj", "{6E30AE40-355E-D2BE-74A4-9A638FC2D31B}"
EndProject
Project("{FAE04EC0-301F-11D3-BF4B-00C04F79EFBC}") = "Unity.Mathematics.Editor", "Unity.Mathematics.Editor.csproj", "{D93F06FB-3BDE-A525-E26D-D8ED55366F08}"
EndProject
Project("{FAE04EC0-301F-11D3-BF4B-00C04F79EFBC}") = "Unity.InternalAPIEditorBridge.001", "Unity.InternalAPIEditorBridge.001.csproj", "{2E3D7979-4426-5F2A-4F22-D8417EBE4F5D}"
EndProject
Project("{FAE04EC0-301F-11D3-BF4B-00C04F79EFBC}") = "UnityEngine.UI", "UnityEngine.UI.Player.csproj", "{DA3567C9-9BC8-3727-72F7-03C1E5908493}"
EndProject
Project("{FAE04EC0-301F-11D3-BF4B-00C04F79EFBC}") = "UnityEngine.TestRunner", "UnityEngine.TestRunner.Player.csproj", "{3456DD83-4ABF-CEC1-0441-1BB016025489}"
EndProject
Project("{FAE04EC0-301F-11D3-BF4B-00C04F79EFBC}") = "Unity.Mathematics", "Unity.Mathematics.Player.csproj", "{FF7C78A6-7741-4EE2-51DF-FADC63C22527}"
EndProject
Project("{FAE04EC0-301F-11D3-BF4B-00C04F79EFBC}") = "Unity.2D.Animation.Triangle.Runtime", "Unity.2D.Animation.Triangle.Runtime.Player.csproj", "{91BF8815-092D-FB8F-7B47-0C9B96ECE830}"
EndProject
Project("{FAE04EC0-301F-11D3-BF4B-00C04F79EFBC}") = "Unity.Timeline", "Unity.Timeline.Player.csproj", "{6065CDED-9F7B-4BCE-640A-1ED807762407}"
EndProject
Project("{FAE04EC0-301F-11D3-BF4B-00C04F79EFBC}") = "Unity.TextMeshPro", "Unity.TextMeshPro.Player.csproj", "{046C8F37-F22B-12A0-8CB4-31209A39DFCB}"
EndProject
Project("{FAE04EC0-301F-11D3-BF4B-00C04F79EFBC}") = "Unity.2D.Animation.Runtime", "Unity.2D.Animation.Runtime.Player.csproj", "{8D26185E-1F4C-9C47-D134-15AF478353CF}"
EndProject
Project("{FAE04EC0-301F-11D3-BF4B-00C04F79EFBC}") = "Unity.2D.IK.Runtime", "Unity.2D.IK.Runtime.Player.csproj", "{53AE5466-4B36-9196-0E64-CAE49429868A}"
EndProject
Project("{FAE04EC0-301F-11D3-BF4B-00C04F79EFBC}") = "Assembly-CSharp", "Assembly-CSharp.Player.csproj", "{25FF5DFE-E43C-EADD-8D8E-E06A76E81A17}"
EndProject
Project("{FAE04EC0-301F-11D3-BF4B-00C04F79EFBC}") = "Unity.2D.SpriteShape.Runtime", "Unity.2D.SpriteShape.Runtime.Player.csproj", "{9BA6809A-D23E-0CE6-8B6D-F5814C5DB647}"
EndProject
Project("{FAE04EC0-301F-11D3-BF4B-00C04F79EFBC}") = "Unity.2D.PixelPerfect", "Unity.2D.PixelPerfect.Player.csproj", "{C433A4F0-72A9-DA27-75BD-8464641DA4B5}"
EndProject
Project("{FAE04EC0-301F-11D3-BF4B-00C04F79EFBC}") = "Unity.2D.Common.Runtime", "Unity.2D.Common.Runtime.Player.csproj", "{F2A13D3A-5846-29CD-3A90-E30C95D43A78}"
EndProject
Project("{FAE04EC0-301F-11D3-BF4B-00C04F79EFBC}") = "Unity.InternalAPIEngineBridge.001", "Unity.InternalAPIEngineBridge.001.Player.csproj", "{C77CF4B6-C1F9-D241-EFD5-196C70D5A617}"
EndProject
Global
	GlobalSection(SolutionConfigurationPlatforms) = preSolution
		Debug|Any CPU = Debug|Any CPU
		Release|Any CPU = Release|Any CPU
	EndGlobalSection
	GlobalSection(ProjectConfigurationPlatforms) = postSolution
		{EBCB3378-5DE3-F36D-CA40-5969DF20243C}.Debug|Any CPU.ActiveCfg = Debug|Any CPU
		{EBCB3378-5DE3-F36D-CA40-5969DF20243C}.Debug|Any CPU.Build.0 = Debug|Any CPU
		{EBCB3378-5DE3-F36D-CA40-5969DF20243C}.Release|Any CPU.ActiveCfg = Release|Any CPU
		{EBCB3378-5DE3-F36D-CA40-5969DF20243C}.Release|Any CPU.Build.0 = Release|Any CPU
		{D9DC9079-1B7C-92BA-6E37-EB3DA23BBD61}.Debug|Any CPU.ActiveCfg = Debug|Any CPU
		{D9DC9079-1B7C-92BA-6E37-EB3DA23BBD61}.Debug|Any CPU.Build.0 = Debug|Any CPU
		{D9DC9079-1B7C-92BA-6E37-EB3DA23BBD61}.Release|Any CPU.ActiveCfg = Release|Any CPU
		{D9DC9079-1B7C-92BA-6E37-EB3DA23BBD61}.Release|Any CPU.Build.0 = Release|Any CPU
		{43980E77-72CC-F601-BA0A-1F6B0BDB36C4}.Debug|Any CPU.ActiveCfg = Debug|Any CPU
		{43980E77-72CC-F601-BA0A-1F6B0BDB36C4}.Debug|Any CPU.Build.0 = Debug|Any CPU
		{43980E77-72CC-F601-BA0A-1F6B0BDB36C4}.Release|Any CPU.ActiveCfg = Release|Any CPU
		{43980E77-72CC-F601-BA0A-1F6B0BDB36C4}.Release|Any CPU.Build.0 = Release|Any CPU
		{E14DFDCB-8FAE-D2D6-8598-E14DA2B1DA23}.Debug|Any CPU.ActiveCfg = Debug|Any CPU
		{E14DFDCB-8FAE-D2D6-8598-E14DA2B1DA23}.Debug|Any CPU.Build.0 = Debug|Any CPU
		{E14DFDCB-8FAE-D2D6-8598-E14DA2B1DA23}.Release|Any CPU.ActiveCfg = Release|Any CPU
		{E14DFDCB-8FAE-D2D6-8598-E14DA2B1DA23}.Release|Any CPU.Build.0 = Release|Any CPU
		{147183DB-29AA-21E1-A982-AE99B06E71C8}.Debug|Any CPU.ActiveCfg = Debug|Any CPU
		{147183DB-29AA-21E1-A982-AE99B06E71C8}.Debug|Any CPU.Build.0 = Debug|Any CPU
		{147183DB-29AA-21E1-A982-AE99B06E71C8}.Release|Any CPU.ActiveCfg = Release|Any CPU
		{147183DB-29AA-21E1-A982-AE99B06E71C8}.Release|Any CPU.Build.0 = Release|Any CPU
		{F3039871-28D6-09E6-F12A-C0BF7CC6CD38}.Debug|Any CPU.ActiveCfg = Debug|Any CPU
		{F3039871-28D6-09E6-F12A-C0BF7CC6CD38}.Debug|Any CPU.Build.0 = Debug|Any CPU
		{F3039871-28D6-09E6-F12A-C0BF7CC6CD38}.Release|Any CPU.ActiveCfg = Release|Any CPU
		{F3039871-28D6-09E6-F12A-C0BF7CC6CD38}.Release|Any CPU.Build.0 = Release|Any CPU
		{39834D4F-56A3-9E40-F87F-D943B0494E57}.Debug|Any CPU.ActiveCfg = Debug|Any CPU
		{39834D4F-56A3-9E40-F87F-D943B0494E57}.Debug|Any CPU.Build.0 = Debug|Any CPU
		{39834D4F-56A3-9E40-F87F-D943B0494E57}.Release|Any CPU.ActiveCfg = Release|Any CPU
		{39834D4F-56A3-9E40-F87F-D943B0494E57}.Release|Any CPU.Build.0 = Release|Any CPU
		{C746617D-16D9-704E-AD76-122190217E31}.Debug|Any CPU.ActiveCfg = Debug|Any CPU
		{C746617D-16D9-704E-AD76-122190217E31}.Debug|Any CPU.Build.0 = Debug|Any CPU
		{C746617D-16D9-704E-AD76-122190217E31}.Release|Any CPU.ActiveCfg = Release|Any CPU
		{C746617D-16D9-704E-AD76-122190217E31}.Release|Any CPU.Build.0 = Release|Any CPU
		{7C40D79C-E3D4-AAA5-3453-847160715534}.Debug|Any CPU.ActiveCfg = Debug|Any CPU
		{7C40D79C-E3D4-AAA5-3453-847160715534}.Debug|Any CPU.Build.0 = Debug|Any CPU
		{7C40D79C-E3D4-AAA5-3453-847160715534}.Release|Any CPU.ActiveCfg = Release|Any CPU
		{7C40D79C-E3D4-AAA5-3453-847160715534}.Release|Any CPU.Build.0 = Release|Any CPU
		{FE0B0B5E-59F2-5B7B-45EA-8A046987C0C0}.Debug|Any CPU.ActiveCfg = Debug|Any CPU
		{FE0B0B5E-59F2-5B7B-45EA-8A046987C0C0}.Debug|Any CPU.Build.0 = Debug|Any CPU
		{FE0B0B5E-59F2-5B7B-45EA-8A046987C0C0}.Release|Any CPU.ActiveCfg = Release|Any CPU
		{FE0B0B5E-59F2-5B7B-45EA-8A046987C0C0}.Release|Any CPU.Build.0 = Release|Any CPU
		{98311668-6FE5-56A3-A55B-2C312DD37F61}.Debug|Any CPU.ActiveCfg = Debug|Any CPU
		{98311668-6FE5-56A3-A55B-2C312DD37F61}.Debug|Any CPU.Build.0 = Debug|Any CPU
		{98311668-6FE5-56A3-A55B-2C312DD37F61}.Release|Any CPU.ActiveCfg = Release|Any CPU
		{98311668-6FE5-56A3-A55B-2C312DD37F61}.Release|Any CPU.Build.0 = Release|Any CPU
		{D508D8DD-A474-6B4D-A7F9-3030DB7DB60F}.Debug|Any CPU.ActiveCfg = Debug|Any CPU
		{D508D8DD-A474-6B4D-A7F9-3030DB7DB60F}.Debug|Any CPU.Build.0 = Debug|Any CPU
		{D508D8DD-A474-6B4D-A7F9-3030DB7DB60F}.Release|Any CPU.ActiveCfg = Release|Any CPU
		{D508D8DD-A474-6B4D-A7F9-3030DB7DB60F}.Release|Any CPU.Build.0 = Release|Any CPU
		{1C633201-8F9D-BE24-A861-7B8C494085C0}.Debug|Any CPU.ActiveCfg = Debug|Any CPU
		{1C633201-8F9D-BE24-A861-7B8C494085C0}.Debug|Any CPU.Build.0 = Debug|Any CPU
		{1C633201-8F9D-BE24-A861-7B8C494085C0}.Release|Any CPU.ActiveCfg = Release|Any CPU
		{1C633201-8F9D-BE24-A861-7B8C494085C0}.Release|Any CPU.Build.0 = Release|Any CPU
		{36817B69-197D-5200-2CE9-89EBCB5B4A2A}.Debug|Any CPU.ActiveCfg = Debug|Any CPU
		{36817B69-197D-5200-2CE9-89EBCB5B4A2A}.Debug|Any CPU.Build.0 = Debug|Any CPU
		{36817B69-197D-5200-2CE9-89EBCB5B4A2A}.Release|Any CPU.ActiveCfg = Release|Any CPU
		{36817B69-197D-5200-2CE9-89EBCB5B4A2A}.Release|Any CPU.Build.0 = Release|Any CPU
		{8A40C42B-83D3-89C3-D143-D3490CD95E4C}.Debug|Any CPU.ActiveCfg = Debug|Any CPU
		{8A40C42B-83D3-89C3-D143-D3490CD95E4C}.Debug|Any CPU.Build.0 = Debug|Any CPU
		{8A40C42B-83D3-89C3-D143-D3490CD95E4C}.Release|Any CPU.ActiveCfg = Release|Any CPU
		{8A40C42B-83D3-89C3-D143-D3490CD95E4C}.Release|Any CPU.Build.0 = Release|Any CPU
		{EA1A5649-BAF8-F335-8359-388615A344CA}.Debug|Any CPU.ActiveCfg = Debug|Any CPU
		{EA1A5649-BAF8-F335-8359-388615A344CA}.Debug|Any CPU.Build.0 = Debug|Any CPU
		{EA1A5649-BAF8-F335-8359-388615A344CA}.Release|Any CPU.ActiveCfg = Release|Any CPU
		{EA1A5649-BAF8-F335-8359-388615A344CA}.Release|Any CPU.Build.0 = Release|Any CPU
		{26704FD1-875A-77AD-FE03-3B1CABB0C199}.Debug|Any CPU.ActiveCfg = Debug|Any CPU
		{26704FD1-875A-77AD-FE03-3B1CABB0C199}.Debug|Any CPU.Build.0 = Debug|Any CPU
		{26704FD1-875A-77AD-FE03-3B1CABB0C199}.Release|Any CPU.ActiveCfg = Release|Any CPU
		{26704FD1-875A-77AD-FE03-3B1CABB0C199}.Release|Any CPU.Build.0 = Release|Any CPU
		{41A35423-70FD-3846-3EB5-FE3DD8500ECD}.Debug|Any CPU.ActiveCfg = Debug|Any CPU
		{41A35423-70FD-3846-3EB5-FE3DD8500ECD}.Debug|Any CPU.Build.0 = Debug|Any CPU
		{41A35423-70FD-3846-3EB5-FE3DD8500ECD}.Release|Any CPU.ActiveCfg = Release|Any CPU
		{41A35423-70FD-3846-3EB5-FE3DD8500ECD}.Release|Any CPU.Build.0 = Release|Any CPU
		{AB3032EE-BC3A-BC6C-3C38-C9251B0D5FF1}.Debug|Any CPU.ActiveCfg = Debug|Any CPU
		{AB3032EE-BC3A-BC6C-3C38-C9251B0D5FF1}.Debug|Any CPU.Build.0 = Debug|Any CPU
		{AB3032EE-BC3A-BC6C-3C38-C9251B0D5FF1}.Release|Any CPU.ActiveCfg = Release|Any CPU
		{AB3032EE-BC3A-BC6C-3C38-C9251B0D5FF1}.Release|Any CPU.Build.0 = Release|Any CPU
		{60CDEBAD-4527-F47A-BAEA-BE046C4DBD11}.Debug|Any CPU.ActiveCfg = Debug|Any CPU
		{60CDEBAD-4527-F47A-BAEA-BE046C4DBD11}.Debug|Any CPU.Build.0 = Debug|Any CPU
		{60CDEBAD-4527-F47A-BAEA-BE046C4DBD11}.Release|Any CPU.ActiveCfg = Release|Any CPU
		{60CDEBAD-4527-F47A-BAEA-BE046C4DBD11}.Release|Any CPU.Build.0 = Release|Any CPU
		{D9BF0347-5CD0-6E62-6BF4-F66EC477F73F}.Debug|Any CPU.ActiveCfg = Debug|Any CPU
		{D9BF0347-5CD0-6E62-6BF4-F66EC477F73F}.Debug|Any CPU.Build.0 = Debug|Any CPU
		{D9BF0347-5CD0-6E62-6BF4-F66EC477F73F}.Release|Any CPU.ActiveCfg = Release|Any CPU
		{D9BF0347-5CD0-6E62-6BF4-F66EC477F73F}.Release|Any CPU.Build.0 = Release|Any CPU
		{16F5EAF3-149D-3E12-3E1B-E7021EE75670}.Debug|Any CPU.ActiveCfg = Debug|Any CPU
		{16F5EAF3-149D-3E12-3E1B-E7021EE75670}.Debug|Any CPU.Build.0 = Debug|Any CPU
		{16F5EAF3-149D-3E12-3E1B-E7021EE75670}.Release|Any CPU.ActiveCfg = Release|Any CPU
		{16F5EAF3-149D-3E12-3E1B-E7021EE75670}.Release|Any CPU.Build.0 = Release|Any CPU
		{5510A016-59DE-E6DB-DF1D-B65E4B8CCD26}.Debug|Any CPU.ActiveCfg = Debug|Any CPU
		{5510A016-59DE-E6DB-DF1D-B65E4B8CCD26}.Debug|Any CPU.Build.0 = Debug|Any CPU
		{5510A016-59DE-E6DB-DF1D-B65E4B8CCD26}.Release|Any CPU.ActiveCfg = Release|Any CPU
		{5510A016-59DE-E6DB-DF1D-B65E4B8CCD26}.Release|Any CPU.Build.0 = Release|Any CPU
		{E7547D56-315C-B470-4FFA-24DFF78EC9C6}.Debug|Any CPU.ActiveCfg = Debug|Any CPU
		{E7547D56-315C-B470-4FFA-24DFF78EC9C6}.Debug|Any CPU.Build.0 = Debug|Any CPU
		{E7547D56-315C-B470-4FFA-24DFF78EC9C6}.Release|Any CPU.ActiveCfg = Release|Any CPU
		{E7547D56-315C-B470-4FFA-24DFF78EC9C6}.Release|Any CPU.Build.0 = Release|Any CPU
		{9033F396-9D94-67B0-3552-3583A95057D2}.Debug|Any CPU.ActiveCfg = Debug|Any CPU
		{9033F396-9D94-67B0-3552-3583A95057D2}.Debug|Any CPU.Build.0 = Debug|Any CPU
		{9033F396-9D94-67B0-3552-3583A95057D2}.Release|Any CPU.ActiveCfg = Release|Any CPU
		{9033F396-9D94-67B0-3552-3583A95057D2}.Release|Any CPU.Build.0 = Release|Any CPU
		{FD2EC3F0-FE5F-2E80-2F48-F9F3C70667E2}.Debug|Any CPU.ActiveCfg = Debug|Any CPU
		{FD2EC3F0-FE5F-2E80-2F48-F9F3C70667E2}.Debug|Any CPU.Build.0 = Debug|Any CPU
		{FD2EC3F0-FE5F-2E80-2F48-F9F3C70667E2}.Release|Any CPU.ActiveCfg = Release|Any CPU
		{FD2EC3F0-FE5F-2E80-2F48-F9F3C70667E2}.Release|Any CPU.Build.0 = Release|Any CPU
		{90DFB320-DE36-D2A3-4102-DAEFF260CAD7}.Debug|Any CPU.ActiveCfg = Debug|Any CPU
		{90DFB320-DE36-D2A3-4102-DAEFF260CAD7}.Debug|Any CPU.Build.0 = Debug|Any CPU
		{90DFB320-DE36-D2A3-4102-DAEFF260CAD7}.Release|Any CPU.ActiveCfg = Release|Any CPU
		{90DFB320-DE36-D2A3-4102-DAEFF260CAD7}.Release|Any CPU.Build.0 = Release|Any CPU
		{CEB2C5D5-9711-6D87-CE67-E861F3F9E07E}.Debug|Any CPU.ActiveCfg = Debug|Any CPU
		{CEB2C5D5-9711-6D87-CE67-E861F3F9E07E}.Debug|Any CPU.Build.0 = Debug|Any CPU
		{CEB2C5D5-9711-6D87-CE67-E861F3F9E07E}.Release|Any CPU.ActiveCfg = Release|Any CPU
		{CEB2C5D5-9711-6D87-CE67-E861F3F9E07E}.Release|Any CPU.Build.0 = Release|Any CPU
		{246EB0E4-68F1-CD22-4CA2-072339BEAE21}.Debug|Any CPU.ActiveCfg = Debug|Any CPU
		{246EB0E4-68F1-CD22-4CA2-072339BEAE21}.Debug|Any CPU.Build.0 = Debug|Any CPU
		{246EB0E4-68F1-CD22-4CA2-072339BEAE21}.Release|Any CPU.ActiveCfg = Release|Any CPU
		{246EB0E4-68F1-CD22-4CA2-072339BEAE21}.Release|Any CPU.Build.0 = Release|Any CPU
		{783E5BF8-D9B5-E253-CDA1-1D3F9BBC8AFB}.Debug|Any CPU.ActiveCfg = Debug|Any CPU
		{783E5BF8-D9B5-E253-CDA1-1D3F9BBC8AFB}.Debug|Any CPU.Build.0 = Debug|Any CPU
		{783E5BF8-D9B5-E253-CDA1-1D3F9BBC8AFB}.Release|Any CPU.ActiveCfg = Release|Any CPU
		{783E5BF8-D9B5-E253-CDA1-1D3F9BBC8AFB}.Release|Any CPU.Build.0 = Release|Any CPU
		{52FE5652-CC14-822B-151D-2C935D7736C0}.Debug|Any CPU.ActiveCfg = Debug|Any CPU
		{52FE5652-CC14-822B-151D-2C935D7736C0}.Debug|Any CPU.Build.0 = Debug|Any CPU
		{52FE5652-CC14-822B-151D-2C935D7736C0}.Release|Any CPU.ActiveCfg = Release|Any CPU
		{52FE5652-CC14-822B-151D-2C935D7736C0}.Release|Any CPU.Build.0 = Release|Any CPU
		{18C776B8-547A-6C53-936B-103104649503}.Debug|Any CPU.ActiveCfg = Debug|Any CPU
		{18C776B8-547A-6C53-936B-103104649503}.Debug|Any CPU.Build.0 = Debug|Any CPU
		{18C776B8-547A-6C53-936B-103104649503}.Release|Any CPU.ActiveCfg = Release|Any CPU
		{18C776B8-547A-6C53-936B-103104649503}.Release|Any CPU.Build.0 = Release|Any CPU
		{6E30AE40-355E-D2BE-74A4-9A638FC2D31B}.Debug|Any CPU.ActiveCfg = Debug|Any CPU
		{6E30AE40-355E-D2BE-74A4-9A638FC2D31B}.Debug|Any CPU.Build.0 = Debug|Any CPU
		{6E30AE40-355E-D2BE-74A4-9A638FC2D31B}.Release|Any CPU.ActiveCfg = Release|Any CPU
		{6E30AE40-355E-D2BE-74A4-9A638FC2D31B}.Release|Any CPU.Build.0 = Release|Any CPU
		{D93F06FB-3BDE-A525-E26D-D8ED55366F08}.Debug|Any CPU.ActiveCfg = Debug|Any CPU
		{D93F06FB-3BDE-A525-E26D-D8ED55366F08}.Debug|Any CPU.Build.0 = Debug|Any CPU
		{D93F06FB-3BDE-A525-E26D-D8ED55366F08}.Release|Any CPU.ActiveCfg = Release|Any CPU
		{D93F06FB-3BDE-A525-E26D-D8ED55366F08}.Release|Any CPU.Build.0 = Release|Any CPU
		{2E3D7979-4426-5F2A-4F22-D8417EBE4F5D}.Debug|Any CPU.ActiveCfg = Debug|Any CPU
		{2E3D7979-4426-5F2A-4F22-D8417EBE4F5D}.Debug|Any CPU.Build.0 = Debug|Any CPU
		{2E3D7979-4426-5F2A-4F22-D8417EBE4F5D}.Release|Any CPU.ActiveCfg = Release|Any CPU
		{2E3D7979-4426-5F2A-4F22-D8417EBE4F5D}.Release|Any CPU.Build.0 = Release|Any CPU
		{DA3567C9-9BC8-3727-72F7-03C1E5908493}.Debug|Any CPU.ActiveCfg = Debug|Any CPU
		{DA3567C9-9BC8-3727-72F7-03C1E5908493}.Debug|Any CPU.Build.0 = Debug|Any CPU
		{DA3567C9-9BC8-3727-72F7-03C1E5908493}.Release|Any CPU.ActiveCfg = Release|Any CPU
		{DA3567C9-9BC8-3727-72F7-03C1E5908493}.Release|Any CPU.Build.0 = Release|Any CPU
		{3456DD83-4ABF-CEC1-0441-1BB016025489}.Debug|Any CPU.ActiveCfg = Debug|Any CPU
		{3456DD83-4ABF-CEC1-0441-1BB016025489}.Debug|Any CPU.Build.0 = Debug|Any CPU
		{3456DD83-4ABF-CEC1-0441-1BB016025489}.Release|Any CPU.ActiveCfg = Release|Any CPU
		{3456DD83-4ABF-CEC1-0441-1BB016025489}.Release|Any CPU.Build.0 = Release|Any CPU
		{FF7C78A6-7741-4EE2-51DF-FADC63C22527}.Debug|Any CPU.ActiveCfg = Debug|Any CPU
		{FF7C78A6-7741-4EE2-51DF-FADC63C22527}.Debug|Any CPU.Build.0 = Debug|Any CPU
		{FF7C78A6-7741-4EE2-51DF-FADC63C22527}.Release|Any CPU.ActiveCfg = Release|Any CPU
		{FF7C78A6-7741-4EE2-51DF-FADC63C22527}.Release|Any CPU.Build.0 = Release|Any CPU
		{91BF8815-092D-FB8F-7B47-0C9B96ECE830}.Debug|Any CPU.ActiveCfg = Debug|Any CPU
		{91BF8815-092D-FB8F-7B47-0C9B96ECE830}.Debug|Any CPU.Build.0 = Debug|Any CPU
		{91BF8815-092D-FB8F-7B47-0C9B96ECE830}.Release|Any CPU.ActiveCfg = Release|Any CPU
		{91BF8815-092D-FB8F-7B47-0C9B96ECE830}.Release|Any CPU.Build.0 = Release|Any CPU
		{6065CDED-9F7B-4BCE-640A-1ED807762407}.Debug|Any CPU.ActiveCfg = Debug|Any CPU
		{6065CDED-9F7B-4BCE-640A-1ED807762407}.Debug|Any CPU.Build.0 = Debug|Any CPU
		{6065CDED-9F7B-4BCE-640A-1ED807762407}.Release|Any CPU.ActiveCfg = Release|Any CPU
		{6065CDED-9F7B-4BCE-640A-1ED807762407}.Release|Any CPU.Build.0 = Release|Any CPU
		{046C8F37-F22B-12A0-8CB4-31209A39DFCB}.Debug|Any CPU.ActiveCfg = Debug|Any CPU
		{046C8F37-F22B-12A0-8CB4-31209A39DFCB}.Debug|Any CPU.Build.0 = Debug|Any CPU
		{046C8F37-F22B-12A0-8CB4-31209A39DFCB}.Release|Any CPU.ActiveCfg = Release|Any CPU
		{046C8F37-F22B-12A0-8CB4-31209A39DFCB}.Release|Any CPU.Build.0 = Release|Any CPU
		{8D26185E-1F4C-9C47-D134-15AF478353CF}.Debug|Any CPU.ActiveCfg = Debug|Any CPU
		{8D26185E-1F4C-9C47-D134-15AF478353CF}.Debug|Any CPU.Build.0 = Debug|Any CPU
		{8D26185E-1F4C-9C47-D134-15AF478353CF}.Release|Any CPU.ActiveCfg = Release|Any CPU
		{8D26185E-1F4C-9C47-D134-15AF478353CF}.Release|Any CPU.Build.0 = Release|Any CPU
		{53AE5466-4B36-9196-0E64-CAE49429868A}.Debug|Any CPU.ActiveCfg = Debug|Any CPU
		{53AE5466-4B36-9196-0E64-CAE49429868A}.Debug|Any CPU.Build.0 = Debug|Any CPU
		{53AE5466-4B36-9196-0E64-CAE49429868A}.Release|Any CPU.ActiveCfg = Release|Any CPU
		{53AE5466-4B36-9196-0E64-CAE49429868A}.Release|Any CPU.Build.0 = Release|Any CPU
		{25FF5DFE-E43C-EADD-8D8E-E06A76E81A17}.Debug|Any CPU.ActiveCfg = Debug|Any CPU
		{25FF5DFE-E43C-EADD-8D8E-E06A76E81A17}.Debug|Any CPU.Build.0 = Debug|Any CPU
		{25FF5DFE-E43C-EADD-8D8E-E06A76E81A17}.Release|Any CPU.ActiveCfg = Release|Any CPU
		{25FF5DFE-E43C-EADD-8D8E-E06A76E81A17}.Release|Any CPU.Build.0 = Release|Any CPU
		{9BA6809A-D23E-0CE6-8B6D-F5814C5DB647}.Debug|Any CPU.ActiveCfg = Debug|Any CPU
		{9BA6809A-D23E-0CE6-8B6D-F5814C5DB647}.Debug|Any CPU.Build.0 = Debug|Any CPU
		{9BA6809A-D23E-0CE6-8B6D-F5814C5DB647}.Release|Any CPU.ActiveCfg = Release|Any CPU
		{9BA6809A-D23E-0CE6-8B6D-F5814C5DB647}.Release|Any CPU.Build.0 = Release|Any CPU
		{C433A4F0-72A9-DA27-75BD-8464641DA4B5}.Debug|Any CPU.ActiveCfg = Debug|Any CPU
		{C433A4F0-72A9-DA27-75BD-8464641DA4B5}.Debug|Any CPU.Build.0 = Debug|Any CPU
		{C433A4F0-72A9-DA27-75BD-8464641DA4B5}.Release|Any CPU.ActiveCfg = Release|Any CPU
		{C433A4F0-72A9-DA27-75BD-8464641DA4B5}.Release|Any CPU.Build.0 = Release|Any CPU
		{F2A13D3A-5846-29CD-3A90-E30C95D43A78}.Debug|Any CPU.ActiveCfg = Debug|Any CPU
		{F2A13D3A-5846-29CD-3A90-E30C95D43A78}.Debug|Any CPU.Build.0 = Debug|Any CPU
		{F2A13D3A-5846-29CD-3A90-E30C95D43A78}.Release|Any CPU.ActiveCfg = Release|Any CPU
		{F2A13D3A-5846-29CD-3A90-E30C95D43A78}.Release|Any CPU.Build.0 = Release|Any CPU
		{C77CF4B6-C1F9-D241-EFD5-196C70D5A617}.Debug|Any CPU.ActiveCfg = Debug|Any CPU
		{C77CF4B6-C1F9-D241-EFD5-196C70D5A617}.Debug|Any CPU.Build.0 = Debug|Any CPU
		{C77CF4B6-C1F9-D241-EFD5-196C70D5A617}.Release|Any CPU.ActiveCfg = Release|Any CPU
		{C77CF4B6-C1F9-D241-EFD5-196C70D5A617}.Release|Any CPU.Build.0 = Release|Any CPU
	EndGlobalSection
	GlobalSection(SolutionProperties) = preSolution
		HideSolutionNode = FALSE
	EndGlobalSection
EndGlobal
